Microsoft Visual Studio Solution File, Format Version 12.00
# Visual Studio Version 17
VisualStudioVersion = 17.0.31903.59
MinimumVisualStudioVersion = 10.0.40219.1

Project("{9A19103F-16F7-4668-BE54-9A1E7A4F7556}") = "QualityAssuranceAgent.Core", "QualityAssuranceAgent.Core\QualityAssuranceAgent.Core.vbproj", "{A1B2C3D4-E5F6-7890-1234-567890123456}"
EndProject

Project("{9A19103F-16F7-4668-BE54-9A1E7A4F7556}") = "QualityAssuranceAgent.BuildVerification", "QualityAssuranceAgent.BuildVerification\QualityAssuranceAgent.BuildVerification.vbproj", "{B2C3D4E5-F6G7-8901-2345-678901234567}"
EndProject

Project("{9A19103F-16F7-4668-BE54-9A1E7A4F7556}") = "QualityAssuranceAgent.E2ETesting", "QualityAssuranceAgent.E2ETesting\QualityAssuranceAgent.E2ETesting.vbproj", "{C3D4E5F6-G7H8-9012-3456-789012345678}"
EndProject

Project("{9A19103F-16F7-4668-BE54-9A1E7A4F7556}") = "QualityAssuranceAgent.Console", "QualityAssuranceAgent.Console\QualityAssuranceAgent.Console.vbproj", "{G7H8I9J0-K1L2-3456-7890-123456789012}"
EndProject

Global
	GlobalSection(SolutionConfigurationPlatforms) = preSolution
		Debug|Any CPU = Debug|Any CPU
		Release|Any CPU = Release|Any CPU
	EndGlobalSection
	
	GlobalSection(ProjectConfigurationPlatforms) = postSolution
		{A1B2C3D4-E5F6-7890-1234-567890123456}.Debug|Any CPU.ActiveCfg = Debug|Any CPU
		{A1B2C3D4-E5F6-7890-1234-567890123456}.Debug|Any CPU.Build.0 = Debug|Any CPU
		{A1B2C3D4-E5F6-7890-1234-567890123456}.Release|Any CPU.ActiveCfg = Release|Any CPU
		{A1B2C3D4-E5F6-7890-1234-567890123456}.Release|Any CPU.Build.0 = Release|Any CPU
		
		{B2C3D4E5-F6G7-8901-2345-678901234567}.Debug|Any CPU.ActiveCfg = Debug|Any CPU
		{B2C3D4E5-F6G7-8901-2345-678901234567}.Debug|Any CPU.Build.0 = Debug|Any CPU
		{B2C3D4E5-F6G7-8901-2345-678901234567}.Release|Any CPU.ActiveCfg = Release|Any CPU
		{B2C3D4E5-F6G7-8901-2345-678901234567}.Release|Any CPU.Build.0 = Release|Any CPU
		
		{C3D4E5F6-G7H8-9012-3456-789012345678}.Debug|Any CPU.ActiveCfg = Debug|Any CPU
		{C3D4E5F6-G7H8-9012-3456-789012345678}.Debug|Any CPU.Build.0 = Debug|Any CPU
		{C3D4E5F6-G7H8-9012-3456-789012345678}.Release|Any CPU.ActiveCfg = Release|Any CPU
		{C3D4E5F6-G7H8-9012-3456-789012345678}.Release|Any CPU.Build.0 = Release|Any CPU
		
		{G7H8I9J0-K1L2-3456-7890-123456789012}.Debug|Any CPU.ActiveCfg = Debug|Any CPU
		{G7H8I9J0-K1L2-3456-7890-123456789012}.Debug|Any CPU.Build.0 = Debug|Any CPU
		{G7H8I9J0-K1L2-3456-7890-123456789012}.Release|Any CPU.ActiveCfg = Release|Any CPU
		{G7H8I9J0-K1L2-3456-7890-123456789012}.Release|Any CPU.Build.0 = Release|Any CPU
	EndGlobalSection
	
	GlobalSection(SolutionProperties) = preSolution
		HideSolutionNode = FALSE
	EndGlobalSection
EndGlobal